
Microsoft Visual Studio Solution File, Format Version 12.00
# Visual Studio Version 17
VisualStudioVersion = 17.11.35303.130
MinimumVisualStudioVersion = 10.0.40219.1
Project("{FAE04EC0-301F-11D3-BF4B-00C04F79EFBC}") = "kostkibk", "kostkibk\kostkibk.csproj", "{ACAFAD66-78B3-49ED-85DC-6262DE6A0577}"
EndProject
Global
	GlobalSection(SolutionConfigurationPlatforms) = preSolution
		Debug|Any CPU = Debug|Any CPU
		Release|Any CPU = Release|Any CPU
	EndGlobalSection
	GlobalSection(ProjectConfigurationPlatforms) = postSolution
		{ACAFAD66-78B3-49ED-85DC-6262DE6A0577}.Debug|Any CPU.ActiveCfg = Debug|Any CPU
		{ACAFAD66-78B3-49ED-85DC-6262DE6A0577}.Debug|Any CPU.Build.0 = Debug|Any CPU
		{ACAFAD66-78B3-49ED-85DC-6262DE6A0577}.Debug|Any CPU.Deploy.0 = Debug|Any CPU
		{ACAFAD66-78B3-49ED-85DC-6262DE6A0577}.Release|Any CPU.ActiveCfg = Release|Any CPU
		{ACAFAD66-78B3-49ED-85DC-6262DE6A0577}.Release|Any CPU.Build.0 = Release|Any CPU
		{ACAFAD66-78B3-49ED-85DC-6262DE6A0577}.Release|Any CPU.Deploy.0 = Release|Any CPU
	EndGlobalSection
	GlobalSection(SolutionProperties) = preSolution
		HideSolutionNode = FALSE
	EndGlobalSection
	GlobalSection(ExtensibilityGlobals) = postSolution
		SolutionGuid = {C77EB48A-7419-4F9F-9433-5408A372FF75}
	EndGlobalSection
EndGlobal
